{
  "name": "sls-cicd",
  "version": "1.0.0",
  "lockfileVersion": 3,
  "requires": true,
  "packages": {
    "": {
      "name": "sls-cicd",
      "version": "1.0.0",
      "license": "ISC",
      "dependencies": {
        "moment": "^2.30.1",
        "serverless-remove-forced-login": "^0.1.0"
      }
    },
    "node_modules/moment": {
      "version": "2.30.1",
      "resolved": "https://registry.npmjs.org/moment/-/moment-2.30.1.tgz",
      "integrity": "sha512-uEmtNhbDOrWPFS+hdjFCBfy9f2YoyzRpwcl+DqpC6taX21FzsTLQVbMV/W7PzNSX6x/bhC1zA3c2UQ5NzH6how==",
      "license": "MIT",
      "engines": {
        "node": "*"
      }
    },
    "node_modules/serverless-remove-forced-login": {
      "version": "0.1.0",
      "resolved": "https://registry.npmjs.org/serverless-remove-forced-login/-/serverless-remove-forced-login-0.1.0.tgz",
      "integrity": "sha512-L5NnqmI9hkagN1wSK3J3TNgmHsopy9I2GgPkiqKQVKtgsPuMShz79VUMzWclpjOUVDJLbnf7RI/Hjl6ZT0jzjQ==",
      "license": "MIT"
    }
  }
}
